{
  "name": "ngx-number-validation",
  "version": "8.0.0",
  "lockfileVersion": 1,
  "requires": true,
  "dependencies": {
    "number-validation": {
      "version": "1.0.0",
      "resolved": "https://registry.npmjs.org/number-validation/-/number-validation-1.0.0.tgz",
      "integrity": "sha512-I8BKi9hNIx68czUs38xO9e92GPlDYi35aL5kGRLGaw9RtZzb9o1JAmXrbRSROlflrSaWY3tfvJCIBsgAY3xobQ=="
    }
  }
}
